dependencies:
- name: mongodb
  repository: https://charts.bitnami.com/bitnami
  version: 9.2.5
- name: rabbitmq
  repository: https://charts.bitnami.com/bitnami
  version: 7.6.8
digest: sha256:8b28d981f3d5c665806730647706f18c85b5cfe1b6aa996c146e1e8c65c0de7d
generated: "2020-10-28T15:22:54.065522+01:00"
