dependencies:
- name: mongodb
  repository: https://kubernetes-charts.storage.googleapis.com
  version: 7.3.2
- name: rabbitmq
  repository: https://kubernetes-charts.storage.googleapis.com
  version: 6.7.4
digest: sha256:5351b6ce598a0ad627f728f64b18c379de2b83783e64f4fa6ad06579b1b7cfff
generated: "2020-07-02T10:08:02.732092-03:00"
